
Microsoft Visual Studio Solution File, Format Version 11.00
# Visual Studio 2010
Project("{FAE04EC0-301F-11D3-BF4B-00C04F79EFBC}") = "C3_3", "C3_3.csproj", "{DB71A154-B1FF-4F3C-8131-109AFBF7A498}"
EndProject
Global
	GlobalSection(SolutionConfigurationPlatforms) = preSolution
		Debug|x86 = Debug|x86
		Release|x86 = Release|x86
	EndGlobalSection
	GlobalSection(ProjectConfigurationPlatforms) = postSolution
		{DB71A154-B1FF-4F3C-8131-109AFBF7A498}.Debug|x86.ActiveCfg = Debug|x86
		{DB71A154-B1FF-4F3C-8131-109AFBF7A498}.Debug|x86.Build.0 = Debug|x86
		{DB71A154-B1FF-4F3C-8131-109AFBF7A498}.Release|x86.ActiveCfg = Release|x86
		{DB71A154-B1FF-4F3C-8131-109AFBF7A498}.Release|x86.Build.0 = Release|x86
	EndGlobalSection
	GlobalSection(SolutionProperties) = preSolution
		HideSolutionNode = FALSE
	EndGlobalSection
EndGlobal
